{
  "name": "slackbot-utils",
  "lockfileVersion": 2,
  "requires": true,
  "packages": {
    "": {
      "dependencies": {
        "verify-response": "file:verify-response"
      }
    },
    "node_modules/verify-response": {
      "resolved": "verify-response",
      "link": true
    },
    "verify-response": {
      "version": "1.0.0",
      "license": "ISC"
    }
  },
  "dependencies": {
    "verify-response": {
      "version": "file:verify-response"
    }
  }
}
